Microsoft Visual Studio Solution File, Format Version 9.00
# Visual Studio 2005
Project("{FAE04EC0-301F-11D3-BF4B-00C04F79EFBC}") = "Series_SplineChart", "Series_SplineChart\Series_SplineChart.csproj", "{448CC4B4-D250-45B3-89DA-4EDE4D2B317E}"
EndProject
Global
	GlobalSection(SolutionConfigurationPlatforms) = preSolution
		Debug|Any CPU = Debug|Any CPU
		Release|Any CPU = Release|Any CPU
	EndGlobalSection
	GlobalSection(ProjectConfigurationPlatforms) = postSolution
		{448CC4B4-D250-45B3-89DA-4EDE4D2B317E}.Debug|Any CPU.ActiveCfg = Debug|Any CPU
		{448CC4B4-D250-45B3-89DA-4EDE4D2B317E}.Debug|Any CPU.Build.0 = Debug|Any CPU
		{448CC4B4-D250-45B3-89DA-4EDE4D2B317E}.Release|Any CPU.ActiveCfg = Release|Any CPU
		{448CC4B4-D250-45B3-89DA-4EDE4D2B317E}.Release|Any CPU.Build.0 = Release|Any CPU
	EndGlobalSection
	GlobalSection(SolutionProperties) = preSolution
		HideSolutionNode = FALSE
	EndGlobalSection
EndGlobal
